# THIS IS AN AUTOGENERATED FILE. DO NOT EDIT THIS FILE DIRECTLY.
# yarn lockfile v1


"@types/node@^20.5.6":
  version "20.15.0"
  resolved "https://registry.npmmirror.com/@types/node/-/node-20.15.0.tgz#7305f7fe7c62cd31047ed8d65c5092f0b0e1c55d"
  integrity sha512-eQf4OkH6gA9v1W0iEpht/neozCsZKMTK+C4cU6/fv7wtJCCL8LEQ4hie2Ln8ZP/0YYM2xGj7//f8xyqItkJ6QA==
  dependencies:
    undici-types "~6.13.0"

source-map@^0.6.1:
  version "0.6.1"
  resolved "https://registry.npmmirror.com/source-map/-/source-map-0.6.1.tgz#74722af32e9614e9c287a8d0bbde48b5e2f1a263"
  integrity sha512-UjgapumWlbMhkBgzT7Ykc5YXUT46F0iKu8SGXq0bcwP5dz/h0Plj6enJqjz1Zbq2l5WaqYnrVbwWOWMyF3F47g==

undici-types@~6.13.0:
  version "6.13.0"
  resolved "https://registry.npmmirror.com/undici-types/-/undici-types-6.13.0.tgz#e3e79220ab8c81ed1496b5812471afd7cf075ea5"
  integrity sha512-xtFJHudx8S2DSoujjMd1WeWvn7KKWFRESZTMeL1RptAYERu29D6jphMjjY+vn96jvN3kVPDNxU/E13VTaXj6jg==
