{
  "name": "aot",
  "version": "1.0.0",
  "lockfileVersion": 3,
  "requires": true,
  "packages": {
    "": {
      "name": "aot",
      "version": "1.0.0",
      "license": "ISC",
      "dependencies": {
        "bytenode": "^1.5.7"
      }
    },
    "node_modules/bytenode": {
      "version": "1.5.7",
      "resolved": "https://registry.npmmirror.com/bytenode/-/bytenode-1.5.7.tgz",
      "integrity": "sha512-FWo+xOlZ+BOzk8ZjyVvHB41wD4CoS/iHpCWPrKzghQiAE/Z/npCvz4DJ1hbzFhEbEkrv4TAikqHrvz5dTt9/jQ==",
      "license": "MIT",
      "bin": {
        "bytenode": "lib/cli.js"
      }
    }
  }
}
